
Microsoft Visual Studio Solution File, Format Version 12.00
# Visual Studio 15
VisualStudioVersion = 15.0.27130.2010
MinimumVisualStudioVersion = 10.0.40219.1
Project("{888888A0-9F3D-457C-B088-3A5042F75D52}") = "cv3", "cv3\cv3.pyproj", "{BB23C15B-A8BC-4983-B978-10B25402D1AB}"
EndProject
Global
	GlobalSection(SolutionConfigurationPlatforms) = preSolution
		Debug|Any CPU = Debug|Any CPU
		Release|Any CPU = Release|Any CPU
	EndGlobalSection
	GlobalSection(ProjectConfigurationPlatforms) = postSolution
		{BB23C15B-A8BC-4983-B978-10B25402D1AB}.Debug|Any CPU.ActiveCfg = Debug|Any CPU
		{BB23C15B-A8BC-4983-B978-10B25402D1AB}.Release|Any CPU.ActiveCfg = Release|Any CPU
	EndGlobalSection
	GlobalSection(SolutionProperties) = preSolution
		HideSolutionNode = FALSE
	EndGlobalSection
	GlobalSection(ExtensibilityGlobals) = postSolution
		SolutionGuid = {7357E5D0-8437-4A76-BBC8-AD46897D9F69}
	EndGlobalSection
EndGlobal
