
Microsoft Visual Studio Solution File, Format Version 12.00
# Visual Studio 15
VisualStudioVersion = 15.0.27130.2010
MinimumVisualStudioVersion = 10.0.40219.1
Project("{888888A0-9F3D-457C-B088-3A5042F75D52}") = "cv6", "cv6\cv6.pyproj", "{E52EA217-853D-44E1-A301-12FF9B24C8D7}"
EndProject
Global
	GlobalSection(SolutionConfigurationPlatforms) = preSolution
		Debug|Any CPU = Debug|Any CPU
		Release|Any CPU = Release|Any CPU
	EndGlobalSection
	GlobalSection(ProjectConfigurationPlatforms) = postSolution
		{E52EA217-853D-44E1-A301-12FF9B24C8D7}.Debug|Any CPU.ActiveCfg = Debug|Any CPU
		{E52EA217-853D-44E1-A301-12FF9B24C8D7}.Release|Any CPU.ActiveCfg = Release|Any CPU
	EndGlobalSection
	GlobalSection(SolutionProperties) = preSolution
		HideSolutionNode = FALSE
	EndGlobalSection
	GlobalSection(ExtensibilityGlobals) = postSolution
		SolutionGuid = {3B1D6941-42EA-4EC9-942F-9F91EF9D5FEA}
	EndGlobalSection
EndGlobal
