
Microsoft Visual Studio Solution File, Format Version 12.00
# Visual Studio 15
VisualStudioVersion = 15.0.27130.2010
MinimumVisualStudioVersion = 10.0.40219.1
Project("{888888A0-9F3D-457C-B088-3A5042F75D52}") = "cv4", "cv4\cv4.pyproj", "{CF213BF6-6C04-496E-869A-C7CA6300EE6A}"
EndProject
Global
	GlobalSection(SolutionConfigurationPlatforms) = preSolution
		Debug|Any CPU = Debug|Any CPU
		Release|Any CPU = Release|Any CPU
	EndGlobalSection
	GlobalSection(ProjectConfigurationPlatforms) = postSolution
		{CF213BF6-6C04-496E-869A-C7CA6300EE6A}.Debug|Any CPU.ActiveCfg = Debug|Any CPU
		{CF213BF6-6C04-496E-869A-C7CA6300EE6A}.Release|Any CPU.ActiveCfg = Release|Any CPU
	EndGlobalSection
	GlobalSection(SolutionProperties) = preSolution
		HideSolutionNode = FALSE
	EndGlobalSection
	GlobalSection(ExtensibilityGlobals) = postSolution
		SolutionGuid = {C8A9AB51-2870-467B-A6AA-D0B4C3F6032C}
	EndGlobalSection
EndGlobal
