
Microsoft Visual Studio Solution File, Format Version 12.00
# Visual Studio 15
VisualStudioVersion = 15.0.27130.2010
MinimumVisualStudioVersion = 10.0.40219.1
Project("{888888A0-9F3D-457C-B088-3A5042F75D52}") = "cv2", "cv2\cv2.pyproj", "{D1C30D82-1959-4183-A692-1C845FC0DB97}"
EndProject
Global
	GlobalSection(SolutionConfigurationPlatforms) = preSolution
		Debug|Any CPU = Debug|Any CPU
		Release|Any CPU = Release|Any CPU
	EndGlobalSection
	GlobalSection(ProjectConfigurationPlatforms) = postSolution
		{D1C30D82-1959-4183-A692-1C845FC0DB97}.Debug|Any CPU.ActiveCfg = Debug|Any CPU
		{D1C30D82-1959-4183-A692-1C845FC0DB97}.Release|Any CPU.ActiveCfg = Release|Any CPU
	EndGlobalSection
	GlobalSection(SolutionProperties) = preSolution
		HideSolutionNode = FALSE
	EndGlobalSection
	GlobalSection(ExtensibilityGlobals) = postSolution
		SolutionGuid = {12E4BABA-413F-49EF-8983-85F6919A1D58}
	EndGlobalSection
EndGlobal
